{
  "meteor": {},
  "dependencies": {
    "basePackages": {
      "collection-helpers": {},
      "fast-render": {}
    },
    "packages": {
      "collection-helpers": {
        "git": "https://github.com/dburles/meteor-collection-helpers.git",
        "tag": "v0.2.3",
        "commit": "52c4c692421acea557fb329f43f65ed11b4832df"
      },
      "fast-render": {
        "git": "https://github.com/arunoda/meteor-fast-render.git",
        "tag": "v0.1.12",
        "commit": "b190f1592401f4084ce54b8f713b134e35a4e0db"

      "iron-router": {},
      "iron-router-progress": {}
    },
    "packages": {
      "iron-router": {
        "git": "https://github.com/EventedMind/iron-router.git",
        "tag": "v0.6.2",
        "commit": "ce56e58b45624dce992490f3a1c10f10d3948bae"
      },
      "iron-router-progress": {
        "git": "https://github.com/Multiply/iron-router-progress.git",
        "tag": "v0.2.0",
        "commit": "ce730d1d26feadb7c75ea25f22c5bfdb0c549a8b"
      }
    }
  }
}
